
Microsoft Visual Studio Solution File, Format Version 12.00
# Visual Studio Version 16
VisualStudioVersion = 16.0.29503.13
MinimumVisualStudioVersion = 10.0.40219.1
Project("{FAE04EC0-301F-11D3-BF4B-00C04F79EFBC}") = "Docker.WebApi", "Docker.WebApi\Docker.WebApi.csproj", "{D54531F6-098F-40FC-AC03-206A2377FFBF}"
EndProject
Global
	GlobalSection(SolutionConfigurationPlatforms) = preSolution
		Debug|Any CPU = Debug|Any CPU
		Release|Any CPU = Release|Any CPU
	EndGlobalSection
	GlobalSection(ProjectConfigurationPlatforms) = postSolution
		{D54531F6-098F-40FC-AC03-206A2377FFBF}.Debug|Any CPU.ActiveCfg = Debug|Any CPU
		{D54531F6-098F-40FC-AC03-206A2377FFBF}.Debug|Any CPU.Build.0 = Debug|Any CPU
		{D54531F6-098F-40FC-AC03-206A2377FFBF}.Release|Any CPU.ActiveCfg = Release|Any CPU
		{D54531F6-098F-40FC-AC03-206A2377FFBF}.Release|Any CPU.Build.0 = Release|Any CPU
	EndGlobalSection
	GlobalSection(SolutionProperties) = preSolution
		HideSolutionNode = FALSE
	EndGlobalSection
	GlobalSection(ExtensibilityGlobals) = postSolution
		SolutionGuid = {4E97016E-BD19-4591-8B3D-F4B79F9C8F84}
	EndGlobalSection
EndGlobal
